
Microsoft Visual Studio Solution File, Format Version 12.00
# Visual Studio Version 17
VisualStudioVersion = 17.14.36310.24
MinimumVisualStudioVersion = 10.0.40219.1
Project("{FAE04EC0-301F-11D3-BF4B-00C04F79EFBC}") = "WebApplication1", "WebApplication1.csproj", "{9C156CFA-DCD8-4559-B71B-58EFB4A02A16}"
EndProject
Project("{FAE04EC0-301F-11D3-BF4B-00C04F79EFBC}") = "BarberLoc.Tests", "BarberLoc.Tests\BarberLoc.Tests.csproj", "{B69D9B53-9040-4B12-8D3F-D0D5FD06B971}"
EndProject
Global
	GlobalSection(SolutionConfigurationPlatforms) = preSolution
		Debug|Any CPU = Debug|Any CPU
		Debug|x64 = Debug|x64
		Debug|x86 = Debug|x86
		Release|Any CPU = Release|Any CPU
		Release|x64 = Release|x64
		Release|x86 = Release|x86
	EndGlobalSection
	GlobalSection(ProjectConfigurationPlatforms) = postSolution
		{9C156CFA-DCD8-4559-B71B-58EFB4A02A16}.Debug|Any CPU.ActiveCfg = Debug|Any CPU
		{9C156CFA-DCD8-4559-B71B-58EFB4A02A16}.Debug|Any CPU.Build.0 = Debug|Any CPU
		{9C156CFA-DCD8-4559-B71B-58EFB4A02A16}.Debug|x64.ActiveCfg = Debug|Any CPU
		{9C156CFA-DCD8-4559-B71B-58EFB4A02A16}.Debug|x64.Build.0 = Debug|Any CPU
		{9C156CFA-DCD8-4559-B71B-58EFB4A02A16}.Debug|x86.ActiveCfg = Debug|Any CPU
		{9C156CFA-DCD8-4559-B71B-58EFB4A02A16}.Debug|x86.Build.0 = Debug|Any CPU
		{9C156CFA-DCD8-4559-B71B-58EFB4A02A16}.Release|Any CPU.ActiveCfg = Release|Any CPU
		{9C156CFA-DCD8-4559-B71B-58EFB4A02A16}.Release|Any CPU.Build.0 = Release|Any CPU
		{9C156CFA-DCD8-4559-B71B-58EFB4A02A16}.Release|x64.ActiveCfg = Release|Any CPU
		{9C156CFA-DCD8-4559-B71B-58EFB4A02A16}.Release|x64.Build.0 = Release|Any CPU
		{9C156CFA-DCD8-4559-B71B-58EFB4A02A16}.Release|x86.ActiveCfg = Release|Any CPU
		{9C156CFA-DCD8-4559-B71B-58EFB4A02A16}.Release|x86.Build.0 = Release|Any CPU
		{B69D9B53-9040-4B12-8D3F-D0D5FD06B971}.Debug|Any CPU.ActiveCfg = Debug|Any CPU
		{B69D9B53-9040-4B12-8D3F-D0D5FD06B971}.Debug|Any CPU.Build.0 = Debug|Any CPU
		{B69D9B53-9040-4B12-8D3F-D0D5FD06B971}.Debug|x64.ActiveCfg = Debug|Any CPU
		{B69D9B53-9040-4B12-8D3F-D0D5FD06B971}.Debug|x64.Build.0 = Debug|Any CPU
		{B69D9B53-9040-4B12-8D3F-D0D5FD06B971}.Debug|x86.ActiveCfg = Debug|Any CPU
		{B69D9B53-9040-4B12-8D3F-D0D5FD06B971}.Debug|x86.Build.0 = Debug|Any CPU
		{B69D9B53-9040-4B12-8D3F-D0D5FD06B971}.Release|Any CPU.ActiveCfg = Release|Any CPU
		{B69D9B53-9040-4B12-8D3F-D0D5FD06B971}.Release|Any CPU.Build.0 = Release|Any CPU
		{B69D9B53-9040-4B12-8D3F-D0D5FD06B971}.Release|x64.ActiveCfg = Release|Any CPU
		{B69D9B53-9040-4B12-8D3F-D0D5FD06B971}.Release|x64.Build.0 = Release|Any CPU
		{B69D9B53-9040-4B12-8D3F-D0D5FD06B971}.Release|x86.ActiveCfg = Release|Any CPU
		{B69D9B53-9040-4B12-8D3F-D0D5FD06B971}.Release|x86.Build.0 = Release|Any CPU
	EndGlobalSection
	GlobalSection(SolutionProperties) = preSolution
		HideSolutionNode = FALSE
	EndGlobalSection
	GlobalSection(ExtensibilityGlobals) = postSolution
		SolutionGuid = {501D654E-9D33-4004-AF76-133E01FF196B}
	EndGlobalSection
EndGlobal
